
Microsoft Visual Studio Solution File, Format Version 12.00
# Visual Studio Version 16
VisualStudioVersion = 16.0.30225.117
MinimumVisualStudioVersion = 10.0.40219.1
Project("{9A19103F-16F7-4668-BE54-9A1E7A4F7556}") = "RealEstateManager.WebApi", "src\RealEstateManager.WebApi\RealEstateManager.WebApi.csproj", "{5880DBCA-D466-46CF-A8AA-2C852F7B9A86}"
EndProject
Project("{9A19103F-16F7-4668-BE54-9A1E7A4F7556}") = "RealEstateManager.DataAccess", "src\RealEstateManager.DataAccess\RealEstateManager.DataAccess.csproj", "{DF254FA7-CF66-4614-B517-96BF2F410C58}"
EndProject
Project("{9A19103F-16F7-4668-BE54-9A1E7A4F7556}") = "RealEstateManager.Database", "src\RealEstateManager.Database\RealEstateManager.Database.csproj", "{50AC1403-9581-4EC6-9B3D-E3C2CF7D6685}"
EndProject
Project("{9A19103F-16F7-4668-BE54-9A1E7A4F7556}") = "RealEstateManager.Types", "src\RealEstateManager.Types\RealEstateManager.Types.csproj", "{45A8C712-85FB-4508-B8DC-F16270BA1CD3}"
EndProject
Project("{9A19103F-16F7-4668-BE54-9A1E7A4F7556}") = "RealEstateManager.Utilities", "src\RealEstateManager.Utilities\RealEstateManager.Utilities.csproj", "{04AB875F-DF08-46A3-9C7C-9EAD7DA4D4DB}"
EndProject
Global
	GlobalSection(SolutionConfigurationPlatforms) = preSolution
		Debug|Any CPU = Debug|Any CPU
		Release|Any CPU = Release|Any CPU
	EndGlobalSection
	GlobalSection(ProjectConfigurationPlatforms) = postSolution
		{5880DBCA-D466-46CF-A8AA-2C852F7B9A86}.Debug|Any CPU.ActiveCfg = Debug|Any CPU
		{5880DBCA-D466-46CF-A8AA-2C852F7B9A86}.Debug|Any CPU.Build.0 = Debug|Any CPU
		{5880DBCA-D466-46CF-A8AA-2C852F7B9A86}.Release|Any CPU.ActiveCfg = Release|Any CPU
		{5880DBCA-D466-46CF-A8AA-2C852F7B9A86}.Release|Any CPU.Build.0 = Release|Any CPU
		{DF254FA7-CF66-4614-B517-96BF2F410C58}.Debug|Any CPU.ActiveCfg = Debug|Any CPU
		{DF254FA7-CF66-4614-B517-96BF2F410C58}.Debug|Any CPU.Build.0 = Debug|Any CPU
		{DF254FA7-CF66-4614-B517-96BF2F410C58}.Release|Any CPU.ActiveCfg = Release|Any CPU
		{DF254FA7-CF66-4614-B517-96BF2F410C58}.Release|Any CPU.Build.0 = Release|Any CPU
		{50AC1403-9581-4EC6-9B3D-E3C2CF7D6685}.Debug|Any CPU.ActiveCfg = Debug|Any CPU
		{50AC1403-9581-4EC6-9B3D-E3C2CF7D6685}.Debug|Any CPU.Build.0 = Debug|Any CPU
		{50AC1403-9581-4EC6-9B3D-E3C2CF7D6685}.Release|Any CPU.ActiveCfg = Release|Any CPU
		{50AC1403-9581-4EC6-9B3D-E3C2CF7D6685}.Release|Any CPU.Build.0 = Release|Any CPU
		{45A8C712-85FB-4508-B8DC-F16270BA1CD3}.Debug|Any CPU.ActiveCfg = Debug|Any CPU
		{45A8C712-85FB-4508-B8DC-F16270BA1CD3}.Debug|Any CPU.Build.0 = Debug|Any CPU
		{45A8C712-85FB-4508-B8DC-F16270BA1CD3}.Release|Any CPU.ActiveCfg = Release|Any CPU
		{45A8C712-85FB-4508-B8DC-F16270BA1CD3}.Release|Any CPU.Build.0 = Release|Any CPU
		{04AB875F-DF08-46A3-9C7C-9EAD7DA4D4DB}.Debug|Any CPU.ActiveCfg = Debug|Any CPU
		{04AB875F-DF08-46A3-9C7C-9EAD7DA4D4DB}.Debug|Any CPU.Build.0 = Debug|Any CPU
		{04AB875F-DF08-46A3-9C7C-9EAD7DA4D4DB}.Release|Any CPU.ActiveCfg = Release|Any CPU
		{04AB875F-DF08-46A3-9C7C-9EAD7DA4D4DB}.Release|Any CPU.Build.0 = Release|Any CPU
	EndGlobalSection
	GlobalSection(SolutionProperties) = preSolution
		HideSolutionNode = FALSE
	EndGlobalSection
	GlobalSection(ExtensibilityGlobals) = postSolution
		SolutionGuid = {79A90A01-029A-421F-A222-9828F31EF55E}
	EndGlobalSection
EndGlobal
